
Microsoft Visual Studio Solution File, Format Version 12.00
# Visual Studio 15
Project("{FAE04EC0-301F-11D3-BF4B-00C04F79EFBC}") = "DigitalOcean.DNS.ImportExport", "DigitalOcean.DNS.ImportExport\DigitalOcean.DNS.ImportExport.csproj", "{722F5BCA-4C8D-4D00-B561-073C9E667799}"
EndProject
Project("{FAE04EC0-301F-11D3-BF4B-00C04F79EFBC}") = "DigitalOcean.API", "..\DigitalOcean.API\DigitalOcean.API\DigitalOcean.API.csproj", "{E3AB3B67-BDDF-4201-BB8D-5AE1FE9ACF4C}"
EndProject
Global
	GlobalSection(SolutionConfigurationPlatforms) = preSolution
		Debug|Any CPU = Debug|Any CPU
		Release|Any CPU = Release|Any CPU
	EndGlobalSection
	GlobalSection(ProjectConfigurationPlatforms) = postSolution
		{722F5BCA-4C8D-4D00-B561-073C9E667799}.Debug|Any CPU.ActiveCfg = Debug|Any CPU
		{722F5BCA-4C8D-4D00-B561-073C9E667799}.Debug|Any CPU.Build.0 = Debug|Any CPU
		{722F5BCA-4C8D-4D00-B561-073C9E667799}.Release|Any CPU.ActiveCfg = Release|Any CPU
		{722F5BCA-4C8D-4D00-B561-073C9E667799}.Release|Any CPU.Build.0 = Release|Any CPU
		{E3AB3B67-BDDF-4201-BB8D-5AE1FE9ACF4C}.Debug|Any CPU.ActiveCfg = Debug|Any CPU
		{E3AB3B67-BDDF-4201-BB8D-5AE1FE9ACF4C}.Debug|Any CPU.Build.0 = Debug|Any CPU
		{E3AB3B67-BDDF-4201-BB8D-5AE1FE9ACF4C}.Release|Any CPU.ActiveCfg = Release|Any CPU
		{E3AB3B67-BDDF-4201-BB8D-5AE1FE9ACF4C}.Release|Any CPU.Build.0 = Release|Any CPU
	EndGlobalSection
EndGlobal
